
Microsoft Visual Studio Solution File, Format Version 12.00
# Visual Studio Version 17
VisualStudioVersion = 17.11.35327.3
MinimumVisualStudioVersion = 10.0.40219.1
Project("{FAE04EC0-301F-11D3-BF4B-00C04F79EFBC}") = "LoggealoApp", "LoggealoApp\LoggealoApp.csproj", "{087A9872-EF28-4724-8F6C-6EB6D81CB34B}"
EndProject
Project("{FAE04EC0-301F-11D3-BF4B-00C04F79EFBC}") = "Loggealo.Services", "Loggealo.Services\Loggealo.Services.csproj", "{4F719546-2EE9-4974-8170-9C87A074D37F}"
EndProject
Project("{FAE04EC0-301F-11D3-BF4B-00C04F79EFBC}") = "Loggealo.CommonModel", "Loggealo.CommonModel\Loggealo.CommonModel.csproj", "{6E83FEAA-1A1B-4E0B-98AD-BC2C1D2FA0D8}"
EndProject
Global
	GlobalSection(SolutionConfigurationPlatforms) = preSolution
		Debug|Any CPU = Debug|Any CPU
		Release|Any CPU = Release|Any CPU
	EndGlobalSection
	GlobalSection(ProjectConfigurationPlatforms) = postSolution
		{087A9872-EF28-4724-8F6C-6EB6D81CB34B}.Debug|Any CPU.ActiveCfg = Debug|Any CPU
		{087A9872-EF28-4724-8F6C-6EB6D81CB34B}.Debug|Any CPU.Build.0 = Debug|Any CPU
		{087A9872-EF28-4724-8F6C-6EB6D81CB34B}.Release|Any CPU.ActiveCfg = Release|Any CPU
		{087A9872-EF28-4724-8F6C-6EB6D81CB34B}.Release|Any CPU.Build.0 = Release|Any CPU
		{4F719546-2EE9-4974-8170-9C87A074D37F}.Debug|Any CPU.ActiveCfg = Debug|Any CPU
		{4F719546-2EE9-4974-8170-9C87A074D37F}.Debug|Any CPU.Build.0 = Debug|Any CPU
		{4F719546-2EE9-4974-8170-9C87A074D37F}.Release|Any CPU.ActiveCfg = Release|Any CPU
		{4F719546-2EE9-4974-8170-9C87A074D37F}.Release|Any CPU.Build.0 = Release|Any CPU
		{6E83FEAA-1A1B-4E0B-98AD-BC2C1D2FA0D8}.Debug|Any CPU.ActiveCfg = Debug|Any CPU
		{6E83FEAA-1A1B-4E0B-98AD-BC2C1D2FA0D8}.Debug|Any CPU.Build.0 = Debug|Any CPU
		{6E83FEAA-1A1B-4E0B-98AD-BC2C1D2FA0D8}.Release|Any CPU.ActiveCfg = Release|Any CPU
		{6E83FEAA-1A1B-4E0B-98AD-BC2C1D2FA0D8}.Release|Any CPU.Build.0 = Release|Any CPU
	EndGlobalSection
	GlobalSection(SolutionProperties) = preSolution
		HideSolutionNode = FALSE
	EndGlobalSection
	GlobalSection(ExtensibilityGlobals) = postSolution
		SolutionGuid = {21AB5AA6-DE88-4B4B-982A-16B7BA015B16}
	EndGlobalSection
EndGlobal
